{
  "name": "apexstratroulette",
  "version": "1.0.0",
  "lockfileVersion": 2,
  "requires": true,
  "packages": {
    "": {
      "name": "apexstratroulette",
      "version": "1.0.0",
      "license": "ISC",
      "dependencies": {
        "alert": "^5.0.11",
        "fs": "^0.0.1-security",
        "json-find": "^2.0.8",
        "node-fetch": "^2.6.7"
      }
    },
    "node_modules/alert": {
      "version": "5.0.11",
      "resolved": "https://registry.npmjs.org/alert/-/alert-5.0.11.tgz",
      "integrity": "sha512-Yo3V7zlS+j+skfvD8ufPpyNGKL4AcsQY8sowk9rN00kRTc7YsBmn2J5wvUerOIXekbysTF3VbeTcJfqFM6Xe1A==",
      "dependencies": {
        "is-program-installed": "2.3.1"
      },
      "bin": {
        "alert": "cli.js"
      },
      "engines": {
        "node": ">=10.0.0"
      },
      "funding": {
        "type": "ko-fi",
        "url": "https://ko-fi.com/zacanger"
      }
    },
    "node_modules/fs": {
      "version": "0.0.1-security",
      "resolved": "https://registry.npmjs.org/fs/-/fs-0.0.1-security.tgz",
      "integrity": "sha1-invTcYa23d84E/I4WLV+yq9eQdQ="
    },
    "node_modules/is-program-installed": {
      "version": "2.3.1",
      "resolved": "https://registry.npmjs.org/is-program-installed/-/is-program-installed-2.3.1.tgz",
      "integrity": "sha512-qah38oPe/GtQ4sAHFVGhI8wQ4ovBTqUy9ESao8O1WM6QGnlRZLq7OUgqGPahkNEcTETNW4SYQ/Fkbo9eGfJc9w==",
      "engines": {
        "node": ">=10.0.0"
      },
      "funding": {
        "type": "ko-fi",
        "url": "https://ko-fi.com/zacanger"
      }
    },
    "node_modules/json-find": {
      "version": "2.0.8",
      "resolved": "https://registry.npmjs.org/json-find/-/json-find-2.0.8.tgz",
      "integrity": "sha512-ZR38FSmUdN2UBG7VS1wLyMokhi4ZUwI3kLJzdKtjYRm3BNkJYAlPz7yFPhUYmuB1k7TCALf+6qs6bn0ZExGb5Q=="
    },
    "node_modules/node-fetch": {
      "version": "2.6.7",
      "resolved": "https://registry.npmjs.org/node-fetch/-/node-fetch-2.6.7.tgz",
      "integrity": "sha512-ZjMPFEfVx5j+y2yF35Kzx5sF7kDzxuDj6ziH4FFbOp87zKDZNx8yExJIb05OGF4Nlt9IHFIMBkRl41VdvcNdbQ==",
      "dependencies": {
        "whatwg-url": "^5.0.0"
      },
      "engines": {
        "node": "4.x || >=6.0.0"
      },
      "peerDependencies": {
        "encoding": "^0.1.0"
      },
      "peerDependenciesMeta": {
        "encoding": {
          "optional": true
        }
      }
    },
    "node_modules/tr46": {
      "version": "0.0.3",
      "resolved": "https://registry.npmjs.org/tr46/-/tr46-0.0.3.tgz",
      "integrity": "sha1-gYT9NH2snNwYWZLzpmIuFLnZq2o="
    },
    "node_modules/webidl-conversions": {
      "version": "3.0.1",
      "resolved": "https://registry.npmjs.org/webidl-conversions/-/webidl-conversions-3.0.1.tgz",
      "integrity": "sha1-JFNCdeKnvGvnvIZhHMFq4KVlSHE="
    },
    "node_modules/whatwg-url": {
      "version": "5.0.0",
      "resolved": "https://registry.npmjs.org/whatwg-url/-/whatwg-url-5.0.0.tgz",
      "integrity": "sha1-lmRU6HZUYuN2RNNib2dCzotwll0=",
      "dependencies": {
        "tr46": "~0.0.3",
        "webidl-conversions": "^3.0.0"
      }
    }
  },
  "dependencies": {
    "alert": {
      "version": "5.0.11",
      "resolved": "https://registry.npmjs.org/alert/-/alert-5.0.11.tgz",
      "integrity": "sha512-Yo3V7zlS+j+skfvD8ufPpyNGKL4AcsQY8sowk9rN00kRTc7YsBmn2J5wvUerOIXekbysTF3VbeTcJfqFM6Xe1A==",
      "requires": {
        "is-program-installed": "2.3.1"
      }
    },
    "fs": {
      "version": "0.0.1-security",
      "resolved": "https://registry.npmjs.org/fs/-/fs-0.0.1-security.tgz",
      "integrity": "sha1-invTcYa23d84E/I4WLV+yq9eQdQ="
    },
    "is-program-installed": {
      "version": "2.3.1",
      "resolved": "https://registry.npmjs.org/is-program-installed/-/is-program-installed-2.3.1.tgz",
      "integrity": "sha512-qah38oPe/GtQ4sAHFVGhI8wQ4ovBTqUy9ESao8O1WM6QGnlRZLq7OUgqGPahkNEcTETNW4SYQ/Fkbo9eGfJc9w=="
    },
    "json-find": {
      "version": "2.0.8",
      "resolved": "https://registry.npmjs.org/json-find/-/json-find-2.0.8.tgz",
      "integrity": "sha512-ZR38FSmUdN2UBG7VS1wLyMokhi4ZUwI3kLJzdKtjYRm3BNkJYAlPz7yFPhUYmuB1k7TCALf+6qs6bn0ZExGb5Q=="
    },
    "node-fetch": {
      "version": "2.6.7",
      "resolved": "https://registry.npmjs.org/node-fetch/-/node-fetch-2.6.7.tgz",
      "integrity": "sha512-ZjMPFEfVx5j+y2yF35Kzx5sF7kDzxuDj6ziH4FFbOp87zKDZNx8yExJIb05OGF4Nlt9IHFIMBkRl41VdvcNdbQ==",
      "requires": {
        "whatwg-url": "^5.0.0"
      }
    },
    "tr46": {
      "version": "0.0.3",
      "resolved": "https://registry.npmjs.org/tr46/-/tr46-0.0.3.tgz",
      "integrity": "sha1-gYT9NH2snNwYWZLzpmIuFLnZq2o="
    },
    "webidl-conversions": {
      "version": "3.0.1",
      "resolved": "https://registry.npmjs.org/webidl-conversions/-/webidl-conversions-3.0.1.tgz",
      "integrity": "sha1-JFNCdeKnvGvnvIZhHMFq4KVlSHE="
    },
    "whatwg-url": {
      "version": "5.0.0",
      "resolved": "https://registry.npmjs.org/whatwg-url/-/whatwg-url-5.0.0.tgz",
      "integrity": "sha1-lmRU6HZUYuN2RNNib2dCzotwll0=",
      "requires": {
        "tr46": "~0.0.3",
        "webidl-conversions": "^3.0.0"
      }
    }
  }
}
